
Microsoft Visual Studio Solution File, Format Version 12.00
# Visual Studio 15
VisualStudioVersion = 15.0.28307.705
MinimumVisualStudioVersion = 10.0.40219.1
Project("{FAE04EC0-301F-11D3-BF4B-00C04F79EFBC}") = "WebAppMVC.EFGetStarted.AspNetCore.ExistingDb", "WebApp.EFGetStarted.AspNetCore.ExistingDb\WebAppMVC.EFGetStarted.AspNetCore.ExistingDb.csproj", "{037A1A4D-72DC-41F6-87A9-AFEB409823FB}"
EndProject
Project("{FAE04EC0-301F-11D3-BF4B-00C04F79EFBC}") = "WebAppMVC.EFGetStarted.AspNetCore.NewDb", "WebApp.EFGetStarted.AspNetCore.NewDb\WebAppMVC.EFGetStarted.AspNetCore.NewDb.csproj", "{63CB51EA-22DC-46BC-BE5D-3524797D65F2}"
EndProject
Project("{FAE04EC0-301F-11D3-BF4B-00C04F79EFBC}") = "WebApp.EFWithRazor.AspNetCore.ContosoUniversity", "WebApp.RazorGetStarted.AspNetCore.ContosoUniversity\WebApp.EFWithRazor.AspNetCore.ContosoUniversity.csproj", "{E794EA77-32B1-4597-A621-CCBC82C8431C}"
EndProject
Project("{FAE04EC0-301F-11D3-BF4B-00C04F79EFBC}") = "test", "test\test.csproj", "{DD7056C8-C3EA-4106-B1D0-C7B0504C91AA}"
EndProject
Global
	GlobalSection(SolutionConfigurationPlatforms) = preSolution
		Debug|Any CPU = Debug|Any CPU
		Release|Any CPU = Release|Any CPU
	EndGlobalSection
	GlobalSection(ProjectConfigurationPlatforms) = postSolution
		{037A1A4D-72DC-41F6-87A9-AFEB409823FB}.Debug|Any CPU.ActiveCfg = Debug|Any CPU
		{037A1A4D-72DC-41F6-87A9-AFEB409823FB}.Debug|Any CPU.Build.0 = Debug|Any CPU
		{037A1A4D-72DC-41F6-87A9-AFEB409823FB}.Release|Any CPU.ActiveCfg = Release|Any CPU
		{037A1A4D-72DC-41F6-87A9-AFEB409823FB}.Release|Any CPU.Build.0 = Release|Any CPU
		{63CB51EA-22DC-46BC-BE5D-3524797D65F2}.Debug|Any CPU.ActiveCfg = Debug|Any CPU
		{63CB51EA-22DC-46BC-BE5D-3524797D65F2}.Debug|Any CPU.Build.0 = Debug|Any CPU
		{63CB51EA-22DC-46BC-BE5D-3524797D65F2}.Release|Any CPU.ActiveCfg = Release|Any CPU
		{63CB51EA-22DC-46BC-BE5D-3524797D65F2}.Release|Any CPU.Build.0 = Release|Any CPU
		{E794EA77-32B1-4597-A621-CCBC82C8431C}.Debug|Any CPU.ActiveCfg = Debug|Any CPU
		{E794EA77-32B1-4597-A621-CCBC82C8431C}.Debug|Any CPU.Build.0 = Debug|Any CPU
		{E794EA77-32B1-4597-A621-CCBC82C8431C}.Release|Any CPU.ActiveCfg = Release|Any CPU
		{E794EA77-32B1-4597-A621-CCBC82C8431C}.Release|Any CPU.Build.0 = Release|Any CPU
		{DD7056C8-C3EA-4106-B1D0-C7B0504C91AA}.Debug|Any CPU.ActiveCfg = Debug|Any CPU
		{DD7056C8-C3EA-4106-B1D0-C7B0504C91AA}.Debug|Any CPU.Build.0 = Debug|Any CPU
		{DD7056C8-C3EA-4106-B1D0-C7B0504C91AA}.Release|Any CPU.ActiveCfg = Release|Any CPU
		{DD7056C8-C3EA-4106-B1D0-C7B0504C91AA}.Release|Any CPU.Build.0 = Release|Any CPU
	EndGlobalSection
	GlobalSection(SolutionProperties) = preSolution
		HideSolutionNode = FALSE
	EndGlobalSection
	GlobalSection(ExtensibilityGlobals) = postSolution
		SolutionGuid = {76D607D2-B84C-4161-ACB8-F2723C6E0F51}
	EndGlobalSection
EndGlobal
